{
  "name": "gfeeds",
  "version": "1.0.0",
  "lockfileVersion": 1,
  "requires": true,
  "dependencies": {
    "cross-fetch": {
      "version": "2.0.0",
      "resolved": "https://registry.npmjs.org/cross-fetch/-/cross-fetch-2.0.0.tgz",
      "integrity": "sha512-gnx0GnDyW73iDq6DpqceL8i4GGn55PPKDzNwZkopJ3mKPcfJ0BUIXBsnYfJBVw+jFDB+hzIp2ELNRdqoxN6M3w==",
      "requires": {
        "node-fetch": "2.0.0",
        "whatwg-fetch": "2.0.3"
      }
    },
    "graphql-request": {
      "version": "1.5.1",
      "resolved": "https://registry.npmjs.org/graphql-request/-/graphql-request-1.5.1.tgz",
      "integrity": "sha512-p1f1q+D+5k1PMxsaZszestYW1BAEKjygliqTAhJI5nueRe74WRmwNQWAdrRBoCFRIpM0SZer98cbJF4PZHXaqg==",
      "requires": {
        "cross-fetch": "2.0.0"
      }
    },
    "hyperhtml": {
      "version": "2.6.0",
      "resolved": "https://registry.npmjs.org/hyperhtml/-/hyperhtml-2.6.0.tgz",
      "integrity": "sha512-AFhAXX8PiBdPdxHTPMZnMhDKk1Uvv/Dfvt6ezbn38LkmiVlrXBZp+cc9gSJakVoAQQgnC9AupeycyihxUhvSqQ==",
      "requires": {
        "lightercollective": "0.0.3"
      }
    },
    "lightercollective": {
      "version": "0.0.3",
      "resolved": "https://registry.npmjs.org/lightercollective/-/lightercollective-0.0.3.tgz",
      "integrity": "sha512-AUIsWs96N5tESFu/XpvYJvoaGg0Qf0i5wcjMgop4OVsRNdzII+clf52/FSGeaMiZym6l34JhO6zNFunFUHV3YA=="
    },
    "node-fetch": {
      "version": "2.0.0",
      "resolved": "https://registry.npmjs.org/node-fetch/-/node-fetch-2.0.0.tgz",
      "integrity": "sha1-mCu6Q+zU8pIqKcwYamu7C7c/y6Y="
    },
    "whatwg-fetch": {
      "version": "2.0.3",
      "resolved": "https://registry.npmjs.org/whatwg-fetch/-/whatwg-fetch-2.0.3.tgz",
      "integrity": "sha1-nITsLc9oGH/wC8ZOEnS0QhduHIQ="
    }
  }
}
